
Microsoft Visual Studio Solution File, Format Version 12.00
# Visual Studio Version 17
VisualStudioVersion = 17.11.35327.3
MinimumVisualStudioVersion = 10.0.40219.1
Project("{FAE04EC0-301F-11D3-BF4B-00C04F79EFBC}") = "dz5.2", "dz5.2\dz5.2.csproj", "{C6BC46BC-F186-4375-A6EA-7A00D2977CEC}"
EndProject
Global
	GlobalSection(SolutionConfigurationPlatforms) = preSolution
		Debug|Any CPU = Debug|Any CPU
		Release|Any CPU = Release|Any CPU
	EndGlobalSection
	GlobalSection(ProjectConfigurationPlatforms) = postSolution
		{C6BC46BC-F186-4375-A6EA-7A00D2977CEC}.Debug|Any CPU.ActiveCfg = Debug|Any CPU
		{C6BC46BC-F186-4375-A6EA-7A00D2977CEC}.Debug|Any CPU.Build.0 = Debug|Any CPU
		{C6BC46BC-F186-4375-A6EA-7A00D2977CEC}.Release|Any CPU.ActiveCfg = Release|Any CPU
		{C6BC46BC-F186-4375-A6EA-7A00D2977CEC}.Release|Any CPU.Build.0 = Release|Any CPU
	EndGlobalSection
	GlobalSection(SolutionProperties) = preSolution
		HideSolutionNode = FALSE
	EndGlobalSection
	GlobalSection(ExtensibilityGlobals) = postSolution
		SolutionGuid = {74EF7EDC-D2AE-46AA-87F8-363738B1E6C8}
	EndGlobalSection
EndGlobal
