
Microsoft Visual Studio Solution File, Format Version 12.00
# Visual Studio Version 17
VisualStudioVersion = 17.11.35327.3
MinimumVisualStudioVersion = 10.0.40219.1
Project("{FAE04EC0-301F-11D3-BF4B-00C04F79EFBC}") = "dz5", "dz5\dz5.csproj", "{1FF1DE73-F78C-4DE4-9ABB-ADDE697B8235}"
EndProject
Global
	GlobalSection(SolutionConfigurationPlatforms) = preSolution
		Debug|Any CPU = Debug|Any CPU
		Release|Any CPU = Release|Any CPU
	EndGlobalSection
	GlobalSection(ProjectConfigurationPlatforms) = postSolution
		{1FF1DE73-F78C-4DE4-9ABB-ADDE697B8235}.Debug|Any CPU.ActiveCfg = Debug|Any CPU
		{1FF1DE73-F78C-4DE4-9ABB-ADDE697B8235}.Debug|Any CPU.Build.0 = Debug|Any CPU
		{1FF1DE73-F78C-4DE4-9ABB-ADDE697B8235}.Release|Any CPU.ActiveCfg = Release|Any CPU
		{1FF1DE73-F78C-4DE4-9ABB-ADDE697B8235}.Release|Any CPU.Build.0 = Release|Any CPU
	EndGlobalSection
	GlobalSection(SolutionProperties) = preSolution
		HideSolutionNode = FALSE
	EndGlobalSection
	GlobalSection(ExtensibilityGlobals) = postSolution
		SolutionGuid = {05199957-6CC6-4589-A0C3-CD16DDEBE532}
	EndGlobalSection
EndGlobal
