
Microsoft Visual Studio Solution File, Format Version 12.00
# Visual Studio Version 17
VisualStudioVersion = 17.11.35327.3
MinimumVisualStudioVersion = 10.0.40219.1
Project("{FAE04EC0-301F-11D3-BF4B-00C04F79EFBC}") = "dz3.3", "dz3.3\dz3.3.csproj", "{46D9B725-8823-4B2E-8829-AB7476C73435}"
EndProject
Global
	GlobalSection(SolutionConfigurationPlatforms) = preSolution
		Debug|Any CPU = Debug|Any CPU
		Release|Any CPU = Release|Any CPU
	EndGlobalSection
	GlobalSection(ProjectConfigurationPlatforms) = postSolution
		{46D9B725-8823-4B2E-8829-AB7476C73435}.Debug|Any CPU.ActiveCfg = Debug|Any CPU
		{46D9B725-8823-4B2E-8829-AB7476C73435}.Debug|Any CPU.Build.0 = Debug|Any CPU
		{46D9B725-8823-4B2E-8829-AB7476C73435}.Release|Any CPU.ActiveCfg = Release|Any CPU
		{46D9B725-8823-4B2E-8829-AB7476C73435}.Release|Any CPU.Build.0 = Release|Any CPU
	EndGlobalSection
	GlobalSection(SolutionProperties) = preSolution
		HideSolutionNode = FALSE
	EndGlobalSection
	GlobalSection(ExtensibilityGlobals) = postSolution
		SolutionGuid = {8067FEDD-D6B1-494F-84B9-A78436617420}
	EndGlobalSection
EndGlobal
